
Microsoft Visual Studio Solution File, Format Version 12.00
# Visual Studio 15
VisualStudioVersion = 15.0.28010.2016
MinimumVisualStudioVersion = 10.0.40219.1
Project("{FAE04EC0-301F-11D3-BF4B-00C04F79EFBC}") = "ClassLibrary", "ClassLibrary\ClassLibrary.csproj", "{16DE2CC2-D944-433B-B000-3488FEC00B76}"
EndProject
Global
	GlobalSection(SolutionConfigurationPlatforms) = preSolution
		Debug|Any CPU = Debug|Any CPU
		Release|Any CPU = Release|Any CPU
	EndGlobalSection
	GlobalSection(ProjectConfigurationPlatforms) = postSolution
		{16DE2CC2-D944-433B-B000-3488FEC00B76}.Debug|Any CPU.ActiveCfg = Debug|Any CPU
		{16DE2CC2-D944-433B-B000-3488FEC00B76}.Debug|Any CPU.Build.0 = Debug|Any CPU
		{16DE2CC2-D944-433B-B000-3488FEC00B76}.Release|Any CPU.ActiveCfg = Release|Any CPU
		{16DE2CC2-D944-433B-B000-3488FEC00B76}.Release|Any CPU.Build.0 = Release|Any CPU
	EndGlobalSection
	GlobalSection(SolutionProperties) = preSolution
		HideSolutionNode = FALSE
	EndGlobalSection
	GlobalSection(ExtensibilityGlobals) = postSolution
		SolutionGuid = {29190146-70F1-4A2B-8861-78FDFACB5217}
	EndGlobalSection
EndGlobal
